
Microsoft Visual Studio Solution File, Format Version 12.00
# Visual Studio Version 17
VisualStudioVersion = 17.0.31903.59
MinimumVisualStudioVersion = 10.0.40219.1
Project("{FAE04EC0-301F-11D3-BF4B-00C04F79EFBC}") = "trainer", "trainer\trainer.csproj", "{26BC2C13-D8DB-4756-893D-E5D0D4E1EC88}"
EndProject
Global
	GlobalSection(SolutionConfigurationPlatforms) = preSolution
		Debug|Any CPU = Debug|Any CPU
		Release|Any CPU = Release|Any CPU
	EndGlobalSection
	GlobalSection(SolutionProperties) = preSolution
		HideSolutionNode = FALSE
	EndGlobalSection
	GlobalSection(ProjectConfigurationPlatforms) = postSolution
		{26BC2C13-D8DB-4756-893D-E5D0D4E1EC88}.Debug|Any CPU.ActiveCfg = Debug|Any CPU
		{26BC2C13-D8DB-4756-893D-E5D0D4E1EC88}.Debug|Any CPU.Build.0 = Debug|Any CPU
		{26BC2C13-D8DB-4756-893D-E5D0D4E1EC88}.Release|Any CPU.ActiveCfg = Release|Any CPU
		{26BC2C13-D8DB-4756-893D-E5D0D4E1EC88}.Release|Any CPU.Build.0 = Release|Any CPU
	EndGlobalSection
EndGlobal
